
Microsoft Visual Studio Solution File, Format Version 12.00
# Visual Studio Version 17
VisualStudioVersion = 17.2.32602.215
MinimumVisualStudioVersion = 10.0.40219.1
Project("{FAE04EC0-301F-11D3-BF4B-00C04F79EFBC}") = "Generalist", "Generalist\Generalist.csproj", "{B29134BD-77F4-48FA-80E2-471819BD6E12}"
EndProject
Global
	GlobalSection(SolutionConfigurationPlatforms) = preSolution
		Debug|Any CPU = Debug|Any CPU
		Release|Any CPU = Release|Any CPU
	EndGlobalSection
	GlobalSection(ProjectConfigurationPlatforms) = postSolution
		{B29134BD-77F4-48FA-80E2-471819BD6E12}.Debug|Any CPU.ActiveCfg = Debug|Any CPU
		{B29134BD-77F4-48FA-80E2-471819BD6E12}.Debug|Any CPU.Build.0 = Debug|Any CPU
		{B29134BD-77F4-48FA-80E2-471819BD6E12}.Release|Any CPU.ActiveCfg = Release|Any CPU
		{B29134BD-77F4-48FA-80E2-471819BD6E12}.Release|Any CPU.Build.0 = Release|Any CPU
	EndGlobalSection
	GlobalSection(SolutionProperties) = preSolution
		HideSolutionNode = FALSE
	EndGlobalSection
	GlobalSection(ExtensibilityGlobals) = postSolution
		SolutionGuid = {3B5AB7E8-8BBC-4543-87AD-5C75117CF208}
	EndGlobalSection
EndGlobal
